
Microsoft Visual Studio Solution File, Format Version 12.00
# Visual Studio Version 16
VisualStudioVersion = 16.0.29306.81
MinimumVisualStudioVersion = 10.0.40219.1
Project("{FAE04EC0-301F-11D3-BF4B-00C04F79EFBC}") = "BytePairEncoding", "src\BytePairEncoding.csproj", "{36D9D738-13BE-4BBB-8A42-C44CCD932B58}"
EndProject
Project("{2150E333-8FDC-42A3-9474-1A3956D46DE8}") = "Repo", "Repo", "{DD905B75-1734-4D6B-B31F-9AC44C168F3D}"
	ProjectSection(SolutionItems) = preProject
		.gitattributes = .gitattributes
		.gitignore = .gitignore
		README.md = README.md
	EndProjectSection
EndProject
Global
	GlobalSection(SolutionConfigurationPlatforms) = preSolution
		Debug|Any CPU = Debug|Any CPU
		Release|Any CPU = Release|Any CPU
	EndGlobalSection
	GlobalSection(ProjectConfigurationPlatforms) = postSolution
		{36D9D738-13BE-4BBB-8A42-C44CCD932B58}.Debug|Any CPU.ActiveCfg = Debug|Any CPU
		{36D9D738-13BE-4BBB-8A42-C44CCD932B58}.Debug|Any CPU.Build.0 = Debug|Any CPU
		{36D9D738-13BE-4BBB-8A42-C44CCD932B58}.Release|Any CPU.ActiveCfg = Release|Any CPU
		{36D9D738-13BE-4BBB-8A42-C44CCD932B58}.Release|Any CPU.Build.0 = Release|Any CPU
	EndGlobalSection
	GlobalSection(SolutionProperties) = preSolution
		HideSolutionNode = FALSE
	EndGlobalSection
	GlobalSection(ExtensibilityGlobals) = postSolution
		SolutionGuid = {70713850-0B68-49B7-89FC-55E4438EFE1E}
	EndGlobalSection
EndGlobal
